
Microsoft Visual Studio Solution File, Format Version 12.00
# Visual Studio Version 16
VisualStudioVersion = 16.0.30503.244
MinimumVisualStudioVersion = 10.0.40219.1
Project("{FAE04EC0-301F-11D3-BF4B-00C04F79EFBC}") = "Entidades", "Entidades\Entidades.csproj", "{288D2451-A631-4E79-8BE1-B57D7AC46D8D}"
EndProject
Project("{FAE04EC0-301F-11D3-BF4B-00C04F79EFBC}") = "GestionComercio", "GestionComercio\GestionComercio.csproj", "{6154520F-8C52-438B-9671-E56E7DEC3728}"
EndProject
Global
	GlobalSection(SolutionConfigurationPlatforms) = preSolution
		Debug|Any CPU = Debug|Any CPU
		Release|Any CPU = Release|Any CPU
	EndGlobalSection
	GlobalSection(ProjectConfigurationPlatforms) = postSolution
		{288D2451-A631-4E79-8BE1-B57D7AC46D8D}.Debug|Any CPU.ActiveCfg = Debug|Any CPU
		{288D2451-A631-4E79-8BE1-B57D7AC46D8D}.Debug|Any CPU.Build.0 = Debug|Any CPU
		{288D2451-A631-4E79-8BE1-B57D7AC46D8D}.Release|Any CPU.ActiveCfg = Release|Any CPU
		{288D2451-A631-4E79-8BE1-B57D7AC46D8D}.Release|Any CPU.Build.0 = Release|Any CPU
		{6154520F-8C52-438B-9671-E56E7DEC3728}.Debug|Any CPU.ActiveCfg = Debug|Any CPU
		{6154520F-8C52-438B-9671-E56E7DEC3728}.Debug|Any CPU.Build.0 = Debug|Any CPU
		{6154520F-8C52-438B-9671-E56E7DEC3728}.Release|Any CPU.ActiveCfg = Release|Any CPU
		{6154520F-8C52-438B-9671-E56E7DEC3728}.Release|Any CPU.Build.0 = Release|Any CPU
	EndGlobalSection
	GlobalSection(SolutionProperties) = preSolution
		HideSolutionNode = FALSE
	EndGlobalSection
	GlobalSection(ExtensibilityGlobals) = postSolution
		SolutionGuid = {2DEF6EA3-FEB0-4A45-85CC-D8FAF7129E89}
	EndGlobalSection
EndGlobal
